
Microsoft Visual Studio Solution File, Format Version 12.00
# Visual Studio Version 17
VisualStudioVersion = 17.13.35818.85 d17.13
MinimumVisualStudioVersion = 10.0.40219.1
Project("{FAE04EC0-301F-11D3-BF4B-00C04F79EFBC}") = "MediaFaceSearcher", "MediaFaceSearcher.csproj", "{2DF5E987-3801-4287-B6FD-F1411B406556}"
EndProject
Global
	GlobalSection(SolutionConfigurationPlatforms) = preSolution
		Debug|Any CPU = Debug|Any CPU
		Release|Any CPU = Release|Any CPU
	EndGlobalSection
	GlobalSection(ProjectConfigurationPlatforms) = postSolution
		{2DF5E987-3801-4287-B6FD-F1411B406556}.Debug|Any CPU.ActiveCfg = Debug|Any CPU
		{2DF5E987-3801-4287-B6FD-F1411B406556}.Debug|Any CPU.Build.0 = Debug|Any CPU
		{2DF5E987-3801-4287-B6FD-F1411B406556}.Release|Any CPU.ActiveCfg = Release|Any CPU
		{2DF5E987-3801-4287-B6FD-F1411B406556}.Release|Any CPU.Build.0 = Release|Any CPU
	EndGlobalSection
	GlobalSection(SolutionProperties) = preSolution
		HideSolutionNode = FALSE
	EndGlobalSection
	GlobalSection(ExtensibilityGlobals) = postSolution
		SolutionGuid = {1F968BAB-06AD-4419-AF6C-7DC8CBABB687}
	EndGlobalSection
EndGlobal
